
Microsoft Visual Studio Solution File, Format Version 12.00
# Visual Studio Version 16
VisualStudioVersion = 16.0.31729.503
MinimumVisualStudioVersion = 10.0.40219.1
Project("{9A19103F-16F7-4668-BE54-9A1E7A4F7556}") = "ExplorandoMarte", "ExplorandoMarte\ExplorandoMarte.csproj", "{91C584F3-E569-45D2-8A47-27D7E8B594EA}"
EndProject
Project("{FAE04EC0-301F-11D3-BF4B-00C04F79EFBC}") = "ExplorandoMarteTest", "ExplorandoMarteTest\ExplorandoMarteTest.csproj", "{C82AF687-7026-415E-BC4F-122267C9FC02}"
EndProject
Global
	GlobalSection(SolutionConfigurationPlatforms) = preSolution
		Debug|Any CPU = Debug|Any CPU
		Release|Any CPU = Release|Any CPU
	EndGlobalSection
	GlobalSection(ProjectConfigurationPlatforms) = postSolution
		{91C584F3-E569-45D2-8A47-27D7E8B594EA}.Debug|Any CPU.ActiveCfg = Debug|Any CPU
		{91C584F3-E569-45D2-8A47-27D7E8B594EA}.Debug|Any CPU.Build.0 = Debug|Any CPU
		{91C584F3-E569-45D2-8A47-27D7E8B594EA}.Release|Any CPU.ActiveCfg = Release|Any CPU
		{91C584F3-E569-45D2-8A47-27D7E8B594EA}.Release|Any CPU.Build.0 = Release|Any CPU
		{C82AF687-7026-415E-BC4F-122267C9FC02}.Debug|Any CPU.ActiveCfg = Debug|Any CPU
		{C82AF687-7026-415E-BC4F-122267C9FC02}.Debug|Any CPU.Build.0 = Debug|Any CPU
		{C82AF687-7026-415E-BC4F-122267C9FC02}.Release|Any CPU.ActiveCfg = Release|Any CPU
		{C82AF687-7026-415E-BC4F-122267C9FC02}.Release|Any CPU.Build.0 = Release|Any CPU
	EndGlobalSection
	GlobalSection(SolutionProperties) = preSolution
		HideSolutionNode = FALSE
	EndGlobalSection
	GlobalSection(ExtensibilityGlobals) = postSolution
		SolutionGuid = {D9850FC8-4826-41EF-97B2-23B89F1D669D}
	EndGlobalSection
EndGlobal
